// !$*UTF8*$!
{
	archiveVersion = 1;
	classes = {
	};
	objectVersion = 46;
	objects = {

/* Begin PBXBuildFile section */
		8BB124131B41DA2F00225C34 /* AppDelegate.swift in Sources */ = {isa = PBXBuildFile; fileRef = 8BB124121B41DA2F00225C34 /* AppDelegate.swift */; };
		8BB124151B41DA2F00225C34 /* ViewController.swift in Sources */ = {isa = PBXBuildFile; fileRef = 8BB124141B41DA2F00225C34 /* ViewController.swift */; };
		8BB124181B41DA2F00225C34 /* Main.storyboard in Resources */ = {isa = PBXBuildFile; fileRef = 8BB124161B41DA2F00225C34 /* Main.storyboard */; };
		8BB1241A1B41DA2F00225C34 /* Images.xcassets in Resources */ = {isa = PBXBuildFile; fileRef = 8BB124191B41DA2F00225C34 /* Images.xcassets */; };
		8BB1241D1B41DA2F00225C34 /* LaunchScreen.xib in Resources */ = {isa = PBXBuildFile; fileRef = 8BB1241B1B41DA2F00225C34 /* LaunchScreen.xib */; };
		8BB124291B41DA3000225C34 /* SwiftagramTests.swift in Sources */ = {isa = PBXBuildFile; fileRef = 8BB124281B41DA3000225C34 /* SwiftagramTests.swift */; };
/* End PBXBuildFile section */

/* Begin PBXContainerItemProxy section */
		8BB124231B41DA2F00225C34 /* PBXContainerItemProxy */ = {
			isa = PBXContainerItemProxy;
			containerPortal = 8BB124051B41DA2F00225C34 /* Project object */;
			proxyType = 1;
			remoteGlobalIDString = 8BB1240C1B41DA2F00225C34;
			remoteInfo = Swiftagram;
		};
/* End PBXContainerItemProxy section */

/* Begin PBXFileReference section */
		8BB1240D1B41DA2F00225C34 /* Swiftagram.app */ = {isa = PBXFileReference; explicitFileType = wrapper.application; includeInIndex = 0; path = Swiftagram.app; sourceTree = BUILT_PRODUCTS_DIR; };
		8BB124111B41DA2F00225C34 /* Info.plist */ = {isa = PBXFileReference; lastKnownFileType = text.plist.xml; path = Info.plist; sourceTree = "<group>"; };
		8BB124121B41DA2F00225C34 /* AppDelegate.swift */ = {isa = PBXFileReference; lastKnownFileType = sourcecode.swift; path = AppDelegate.swift; sourceTree = "<group>"; };
		8BB124141B41DA2F00225C34 /* ViewController.swift */ = {isa = PBXFileReference; lastKnownFileType = sourcecode.swift; path = ViewController.swift; sourceTree = "<group>"; };
		8BB124171B41DA2F00225C34 /* Base */ = {isa = PBXFileReference; lastKnownFileType = file.storyboard; name = Base; path = Base.lproj/Main.storyboard; sourceTree = "<group>"; };
		8BB124191B41DA2F00225C34 /* Images.xcassets */ = {isa = PBXFileReference; lastKnownFileType = folder.assetcatalog; path = Images.xcassets; sourceTree = "<group>"; };
		8BB1241C1B41DA2F00225C34 /* Base */ = {isa = PBXFileReference; lastKnownFileType = file.xib; name = Base; path = Base.lproj/LaunchScreen.xib; sourceTree = "<group>"; };
		8BB124221B41DA2F00225C34 /* SwiftagramTests.xctest */ = {isa = PBXFileReference; explicitFileType = wrapper.cfbundle; includeInIndex = 0; path = SwiftagramTests.xctest; sourceTree = BUILT_PRODUCTS_DIR; };
		8BB124271B41DA3000225C34 /* Info.plist */ = {isa = PBXFileReference; lastKnownFileType = text.plist.xml; path = Info.plist; sourceTree = "<group>"; };
		8BB124281B41DA3000225C34 /* SwiftagramTests.swift */ = {isa = PBXFileReference; lastKnownFileType = sourcecode.swift; path = SwiftagramTests.swift; sourceTree = "<group>"; };
/* End PBXFileReference section */

/* Begin PBXFrameworksBuildPhase section */
		8BB1240A1B41DA2F00225C34 /* Frameworks */ = {
			isa = PBXFrameworksBuildPhase;
			buildActionMask = 2147483647;
			files = (
			);
			runOnlyForDeploymentPostprocessing = 0;
		};
		8BB1241F1B41DA2F00225C34 /* Frameworks */ = {
			isa = PBXFrameworksBuildPhase;
			buildActionMask = 2147483647;
			files = (
			);
			runOnlyForDeploymentPostprocessing = 0;
		};
/* End PBXFrameworksBuildPhase section */

/* Begin PBXGroup section */
		8BB124041B41DA2F00225C34 = {
			isa = PBXGroup;
			children = (
				8BB1240F1B41DA2F00225C34 /* Swiftagram */,
				8BB124251B41DA2F00225C34 /* SwiftagramTests */,
				8BB1240E1B41DA2F00225C34 /* Products */,
			);
			sourceTree = "<group>";
		};
		8BB1240E1B41DA2F00225C34 /* Products */ = {
			isa = PBXGroup;
			children = (
				8BB1240D1B41DA2F00225C34 /* Swiftagram.app */,
				8BB124221B41DA2F00225C34 /* SwiftagramTests.xctest */,
			);
			name = Products;
			sourceTree = "<group>";
		};
		8BB1240F1B41DA2F00225C34 /* Swiftagram */ = {
			isa = PBXGroup;
			children = (
				8BB124121B41DA2F00225C34 /* AppDelegate.swift */,
				8BB124141B41DA2F00225C34 /* ViewController.swift */,
				8BB124161B41DA2F00225C34 /* Main.storyboard */,
				8BB124191B41DA2F00225C34 /* Images.xcassets */,
				8BB1241B1B41DA2F00225C34 /* LaunchScreen.xib */,
				8BB124101B41DA2F00225C34 /* Supporting Files */,
			);
			path = Swiftagram;
			sourceTree = "<group>";
		};
		8BB124101B41DA2F00225C34 /* Supporting Files */ = {
			isa = PBXGroup;
			children = (
				8BB124111B41DA2F00225C34 /* Info.plist */,
			);
			name = "Supporting Files";
			sourceTree = "<group>";
		};
		8BB124251B41DA2F00225C34 /* SwiftagramTests */ = {
			isa = PBXGroup;
			children = (
				8BB124281B41DA3000225C34 /* SwiftagramTests.swift */,
				8BB124261B41DA3000225C34 /* Supporting Files */,
			);
			path = SwiftagramTests;
			sourceTree = "<group>";
		};
		8BB124261B41DA3000225C34 /* Supporting Files */ = {
			isa = PBXGroup;
			children = (
				8BB124271B41DA3000225C34 /* Info.plist */,
			);
			name = "Supporting Files";
			sourceTree = "<group>";
		};
/* End PBXGroup section */

/* Begin PBXNativeTarget section */
		8BB1240C1B41DA2F00225C34 /* Swiftagram */ = {
			isa = PBXNativeTarget;
			buildConfigurationList = 8BB1242C1B41DA3000225C34 /* Build configuration list for PBXNativeTarget "Swiftagram" */;
			buildPhases = (
				8BB124091B41DA2F00225C34 /* Sources */,
				8BB1240A1B41DA2F00225C34 /* Frameworks */,
				8BB1240B1B41DA2F00225C34 /* Resources */,
			);
			buildRules = (
			);
			dependencies = (
			);
			name = Swiftagram;
			productName = Swiftagram;
			productReference = 8BB1240D1B41DA2F00225C34 /* Swiftagram.app */;
			productType = "com.apple.product-type.application";
		};
		8BB124211B41DA2F00225C34 /* SwiftagramTests */ = {
			isa = PBXNativeTarget;
			buildConfigurationList = 8BB1242F1B41DA3000225C34 /* Build configuration list for PBXNativeTarget "SwiftagramTests" */;
			buildPhases = (
				8BB1241E1B41DA2F00225C34 /* Sources */,
				8BB1241F1B41DA2F00225C34 /* Frameworks */,
				8BB124201B41DA2F00225C34 /* Resources */,
			);
			buildRules = (
			);
			dependencies = (
				8BB124241B41DA2F00225C34 /* PBXTargetDependency */,
			);
			name = SwiftagramTests;
			productName = SwiftagramTests;
			productReference = 8BB124221B41DA2F00225C34 /* SwiftagramTests.xctest */;
			productType = "com.apple.product-type.bundle.unit-test";
		};
/* End PBXNativeTarget section */

/* Begin PBXProject section */
		8BB124051B41DA2F00225C34 /* Project object */ = {
			isa = PBXProject;
			attributes = {
				LastUpgradeCheck = 0630;
				ORGANIZATIONNAME = "Parth Saxena";
				TargetAttributes = {
					8BB1240C1B41DA2F00225C34 = {
						CreatedOnToolsVersion = 6.3.2;
					};
					8BB124211B41DA2F00225C34 = {
						CreatedOnToolsVersion = 6.3.2;
						TestTargetID = 8BB1240C1B41DA2F00225C34;
					};
				};
			};
			buildConfigurationList = 8BB124081B41DA2F00225C34 /* Build configuration list for PBXProject "Swiftagram" */;
			compatibilityVersion = "Xcode 3.2";
			developmentRegion = English;
			hasScannedForEncodings = 0;
			knownRegions = (
				en,
				Base,
			);
			mainGroup = 8BB124041B41DA2F00225C34;
			productRefGroup = 8BB1240E1B41DA2F00225C34 /* Products */;
			projectDirPath = "";
			projectRoot = "";
			targets = (
				8BB1240C1B41DA2F00225C34 /* Swiftagram */,
				8BB124211B41DA2F00225C34 /* SwiftagramTests */,
			);
		};
/* End PBXProject section */

/* Begin PBXResourcesBuildPhase section */
		8BB1240B1B41DA2F00225C34 /* Resources */ = {
			isa = PBXResourcesBuildPhase;
			buildActionMask = 2147483647;
			files = (
				8BB124181B41DA2F00225C34 /* Main.storyboard in Resources */,
				8BB1241D1B41DA2F00225C34 /* LaunchScreen.xib in Resources */,
				8BB1241A1B41DA2F00225C34 /* Images.xcassets in Resources */,
			);
			runOnlyForDeploymentPostprocessing = 0;
		};
		8BB124201B41DA2F00225C34 /* Resources */ = {
			isa = PBXResourcesBuildPhase;
			buildActionMask = 2147483647;
			files = (
			);
			runOnlyForDeploymentPostprocessing = 0;
		};
/* End PBXResourcesBuildPhase section */

/* Begin PBXSourcesBuildPhase section */
		8BB124091B41DA2F00225C34 /* Sources */ = {
			isa = PBXSourcesBuildPhase;
			buildActionMask = 2147483647;
			files = (
				8BB124151B41DA2F00225C34 /* ViewController.swift in Sources */,
				8BB124131B41DA2F00225C34 /* AppDelegate.swift in Sources */,
			);
			runOnlyForDeploymentPostprocessing = 0;
		};
		8BB1241E1B41DA2F00225C34 /* Sources */ = {
			isa = PBXSourcesBuildPhase;
			buildActionMask = 2147483647;
			files = (
				8BB124291B41DA3000225C34 /* SwiftagramTests.swift in Sources */,
			);
			runOnlyForDeploymentPostprocessing = 0;
		};
/* End PBXSourcesBuildPhase section */

/* Begin PBXTargetDependency section */
		8BB124241B41DA2F00225C34 /* PBXTargetDependency */ = {
			isa = PBXTargetDependency;
			target = 8BB1240C1B41DA2F00225C34 /* Swiftagram */;
			targetProxy = 8BB124231B41DA2F00225C34 /* PBXContainerItemProxy */;
		};
/* End PBXTargetDependency section */

/* Begin PBXVariantGroup section */
		8BB124161B41DA2F00225C34 /* Main.storyboard */ = {
			isa = PBXVariantGroup;
			children = (
				8BB124171B41DA2F00225C34 /* Base */,
			);
			name = Main.storyboard;
			sourceTree = "<group>";
		};
		8BB1241B1B41DA2F00225C34 /* LaunchScreen.xib */ = {
			isa = PBXVariantGroup;
			children = (
				8BB1241C1B41DA2F00225C34 /* Base */,
			);
			name = LaunchScreen.xib;
			sourceTree = "<group>";
		};
/* End PBXVariantGroup section */

/* Begin XCBuildConfiguration section */
		8BB1242A1B41DA3000225C34 /* Debug */ = {
			isa = XCBuildConfiguration;
			buildSettings = {
				ALWAYS_SEARCH_USER_PATHS = NO;
				CLANG_CXX_LANGUAGE_STANDARD = "gnu++0x";
				CLANG_CXX_LIBRARY = "libc++";
				CLANG_ENABLE_MODULES = YES;
				CLANG_ENABLE_OBJC_ARC = YES;
				CLANG_WARN_BOOL_CONVERSION = YES;
				CLANG_WARN_CONSTANT_CONVERSION = YES;
				CLANG_WARN_DIRECT_OBJC_ISA_USAGE = YES_ERROR;
				CLANG_WARN_EMPTY_BODY = YES;
				CLANG_WARN_ENUM_CONVERSION = YES;
				CLANG_WARN_INT_CONVERSION = YES;
				CLANG_WARN_OBJC_ROOT_CLASS = YES_ERROR;
				CLANG_WARN_UNREACHABLE_CODE = YES;
				CLANG_WARN__DUPLICATE_METHOD_MATCH = YES;
				"CODE_SIGN_IDENTITY[sdk=iphoneos*]" = "iPhone Developer";
				COPY_PHASE_STRIP = NO;
				DEBUG_INFORMATION_FORMAT = "dwarf-with-dsym";
				ENABLE_STRICT_OBJC_MSGSEND = YES;
				GCC_C_LANGUAGE_STANDARD = gnu99;
				GCC_DYNAMIC_NO_PIC = NO;
				GCC_NO_COMMON_BLOCKS = YES;
				GCC_OPTIMIZATION_LEVEL = 0;
				GCC_PREPROCESSOR_DEFINITIONS = (
					"DEBUG=1",
					"$(inherited)",
				);
				GCC_SYMBOLS_PRIVATE_EXTERN = NO;
				GCC_WARN_64_TO_32_BIT_CONVERSION = YES;
				GCC_WARN_ABOUT_RETURN_TYPE = YES_ERROR;
				GCC_WARN_UNDECLARED_SELECTOR = YES;
				GCC_WARN_UNINITIALIZED_AUTOS = YES_AGGRESSIVE;
				GCC_WARN_UNUSED_FUNCTION = YES;
				GCC_WARN_UNUSED_VARIABLE = YES;
				IPHONEOS_DEPLOYMENT_TARGET = 8.3;
				MTL_ENABLE_DEBUG_INFO = YES;
				ONLY_ACTIVE_ARCH = YES;
				SDKROOT = iphoneos;
				SWIFT_OPTIMIZATION_LEVEL = "-Onone";
			};
			name = Debug;
		};
		8BB1242B1B41DA3000225C34 /* Release */ = {
			isa = XCBuildConfiguration;
			buildSettings = {
				ALWAYS_SEARCH_USER_PATHS = NO;
				CLANG_CXX_LANGUAGE_STANDARD = "gnu++0x";
				CLANG_CXX_LIBRARY = "libc++";
				CLANG_ENABLE_MODULES = YES;
				CLANG_ENABLE_OBJC_ARC = YES;
				CLANG_WARN_BOOL_CONVERSION = YES;
				CLANG_WARN_CONSTANT_CONVERSION = YES;
				CLANG_WARN_DIRECT_OBJC_ISA_USAGE = YES_ERROR;
				CLANG_WARN_EMPTY_BODY = YES;
				CLANG_WARN_ENUM_CONVERSION = YES;
				CLANG_WARN_INT_CONVERSION = YES;
				CLANG_WARN_OBJC_ROOT_CLASS = YES_ERROR;
				CLANG_WARN_UNREACHABLE_CODE = YES;
				CLANG_WARN__DUPLICATE_METHOD_MATCH = YES;
				"CODE_SIGN_IDENTITY[sdk=iphoneos*]" = "iPhone Developer";
				COPY_PHASE_STRIP = NO;
				DEBUG_INFORMATION_FORMAT = "dwarf-with-dsym";
				ENABLE_NS_ASSERTIONS = NO;
				ENABLE_STRICT_OBJC_MSGSEND = YES;
				GCC_C_LANGUAGE_STANDARD = gnu99;
				GCC_NO_COMMON_BLOCKS = YES;
				GCC_WARN_64_TO_32_BIT_CONVERSION = YES;
				GCC_WARN_ABOUT_RETURN_TYPE = YES_ERROR;
				GCC_WARN_UNDECLARED_SELECTOR = YES;
				GCC_WARN_UNINITIALIZED_AUTOS = YES_AGGRESSIVE;
				GCC_WARN_UNUSED_FUNCTION = YES;
				GCC_WARN_UNUSED_VARIABLE = YES;
				IPHONEOS_DEPLOYMENT_TARGET = 8.3;
				MTL_ENABLE_DEBUG_INFO = NO;
				SDKROOT = iphoneos;
				VALIDATE_PRODUCT = YES;
			};
			name = Release;
		};
		8BB1242D1B41DA3000225C34 /* Debug */ = {
			isa = XCBuildConfiguration;
			buildSettings = {
				ASSETCATALOG_COMPILER_APPICON_NAME = AppIcon;
				INFOPLIST_FILE = Swiftagram/Info.plist;
				LD_RUNPATH_SEARCH_PATHS = "$(inherited) @executable_path/Frameworks";
				PRODUCT_NAME = "$(TARGET_NAME)";
			};
			name = Debug;
		};
		8BB1242E1B41DA3000225C34 /* Release */ = {
			isa = XCBuildConfiguration;
			buildSettings = {
				ASSETCATALOG_COMPILER_APPICON_NAME = AppIcon;
				INFOPLIST_FILE = Swiftagram/Info.plist;
				LD_RUNPATH_SEARCH_PATHS = "$(inherited) @executable_path/Frameworks";
				PRODUCT_NAME = "$(TARGET_NAME)";
			};
			name = Release;
		};
		8BB124301B41DA3000225C34 /* Debug */ = {
			isa = XCBuildConfiguration;
			buildSettings = {
				BUNDLE_LOADER = "$(TEST_HOST)";
				FRAMEWORK_SEARCH_PATHS = (
					"$(SDKROOT)/Developer/Library/Frameworks",
					"$(inherited)",
				);
				GCC_PREPROCESSOR_DEFINITIONS = (
					"DEBUG=1",
					"$(inherited)",
				);
				INFOPLIST_FILE = SwiftagramTests/Info.plist;
				LD_RUNPATH_SEARCH_PATHS = "$(inherited) @executable_path/Frameworks @loader_path/Frameworks";
				PRODUCT_NAME = "$(TARGET_NAME)";
				TEST_HOST = "$(BUILT_PRODUCTS_DIR)/Swiftagram.app/Swiftagram";
			};
			name = Debug;
		};
		8BB124311B41DA3000225C34 /* Release */ = {
			isa = XCBuildConfiguration;
			buildSettings = {
				BUNDLE_LOADER = "$(TEST_HOST)";
				FRAMEWORK_SEARCH_PATHS = (
					"$(SDKROOT)/Developer/Library/Frameworks",
					"$(inherited)",
				);
				INFOPLIST_FILE = SwiftagramTests/Info.plist;
				LD_RUNPATH_SEARCH_PATHS = "$(inherited) @executable_path/Frameworks @loader_path/Frameworks";
				PRODUCT_NAME = "$(TARGET_NAME)";
				TEST_HOST = "$(BUILT_PRODUCTS_DIR)/Swiftagram.app/Swiftagram";
			};
			name = Release;
		};
/* End XCBuildConfiguration section */

/* Begin XCConfigurationList section */
		8BB124081B41DA2F00225C34 /* Build configuration list for PBXProject "Swiftagram" */ = {
			isa = XCConfigurationList;
			buildConfigurations = (
				8BB1242A1B41DA3000225C34 /* Debug */,
				8BB1242B1B41DA3000225C34 /* Release */,
			);
			defaultConfigurationIsVisible = 0;
			defaultConfigurationName = Release;
		};
		8BB1242C1B41DA3000225C34 /* Build configuration list for PBXNativeTarget "Swiftagram" */ = {
			isa = XCConfigurationList;
			buildConfigurations = (
				8BB1242D1B41DA3000225C34 /* Debug */,
				8BB1242E1B41DA3000225C34 /* Release */,
			);
			defaultConfigurationIsVisible = 0;
		};
		8BB1242F1B41DA3000225C34 /* Build configuration list for PBXNativeTarget "SwiftagramTests" */ = {
			isa = XCConfigurationList;
			buildConfigurations = (
				8BB124301B41DA3000225C34 /* Debug */,
				8BB124311B41DA3000225C34 /* Release */,
			);
			defaultConfigurationIsVisible = 0;
		};
/* End XCConfigurationList section */
	};
	rootObject = 8BB124051B41DA2F00225C34 /* Project object */;
}
